
Microsoft Visual Studio Solution File, Format Version 12.00
# Visual Studio Version 17
VisualStudioVersion = 17.4.33103.184
MinimumVisualStudioVersion = 10.0.40219.1
Project("{FAE04EC0-301F-11D3-BF4B-00C04F79EFBC}") = "kurzovniListek", "kurzovniListek\kurzovniListek.csproj", "{CC0B984F-EBE8-400A-8512-1D2CD51A10A2}"
EndProject
Global
	GlobalSection(SolutionConfigurationPlatforms) = preSolution
		Debug|Any CPU = Debug|Any CPU
		Release|Any CPU = Release|Any CPU
	EndGlobalSection
	GlobalSection(ProjectConfigurationPlatforms) = postSolution
		{CC0B984F-EBE8-400A-8512-1D2CD51A10A2}.Debug|Any CPU.ActiveCfg = Debug|Any CPU
		{CC0B984F-EBE8-400A-8512-1D2CD51A10A2}.Debug|Any CPU.Build.0 = Debug|Any CPU
		{CC0B984F-EBE8-400A-8512-1D2CD51A10A2}.Release|Any CPU.ActiveCfg = Release|Any CPU
		{CC0B984F-EBE8-400A-8512-1D2CD51A10A2}.Release|Any CPU.Build.0 = Release|Any CPU
	EndGlobalSection
	GlobalSection(SolutionProperties) = preSolution
		HideSolutionNode = FALSE
	EndGlobalSection
	GlobalSection(ExtensibilityGlobals) = postSolution
		SolutionGuid = {02F938E6-377D-494E-96DF-D99AEFAB4D18}
	EndGlobalSection
EndGlobal
